{
    "_readme": [
        "This file locks the dependencies of your project to a known state",
        "Read more about it at https://getcomposer.org/doc/01-basic-usage.md#installing-dependencies",
        "This file is @generated automatically"
    ],
    "content-hash": "b349b6f3f6c0ce1ca0ea378845825125",
    "packages": [],
    "packages-dev": [
        {
            "name": "joomla/coding-standards",
            "version": "dev-3.x-dev",
            "source": {
                "type": "git",
                "url": "https://github.com/joomla/coding-standards.git",
                "reference": "fc041ba4352689d0834fc3f6bce14edc6e40aebe"
            },
            "dist": {
                "type": "zip",
                "url": "https://api.github.com/repos/joomla/coding-standards/zipball/fc041ba4352689d0834fc3f6bce14edc6e40aebe",
                "reference": "fc041ba4352689d0834fc3f6bce14edc6e40aebe",
                "shasum": ""
            },
            "require": {
                "php": ">=5.4.0",
                "squizlabs/php_codesniffer": "^3.4"
            },
            "require-dev": {
                "phpunit/phpunit": "^4.8.7"
            },
            "type": "phpcodesniffer-standard",
            "extra": {
                "branch-alias": {
                    "dev-3.x-dev": "3.0-dev"
                }
            },
            "notification-url": "https://packagist.org/downloads/",
            "license": [
                "GPL-2.0-or-later"
            ],
            "authors": [
                {
                    "name": "Joomla Coding Standards Contributors",
                    "homepage": "https://github.com/joomla/coding-standards/graphs/contributors"
                }
            ],
            "description": "Joomla Coding Standards",
            "homepage": "https://github.com/joomla/coding-standards",
            "keywords": [
                "coding standards",
                "joomla",
                "php codesniffer",
                "phpcs"
            ],
            "time": "2019-07-12T10:04:53+00:00"
        },
        {
            "name": "squizlabs/php_codesniffer",
            "version": "3.5.0",
            "source": {
                "type": "git",
                "url": "https://github.com/squizlabs/PHP_CodeSniffer.git",
                "reference": "0afebf16a2e7f1e434920fa976253576151effe9"
            },
            "dist": {
                "type": "zip",
                "url": "https://api.github.com/repos/squizlabs/PHP_CodeSniffer/zipball/0afebf16a2e7f1e434920fa976253576151effe9",
                "reference": "0afebf16a2e7f1e434920fa976253576151effe9",
                "shasum": ""
            },
            "require": {
                "ext-simplexml": "*",
                "ext-tokenizer": "*",
                "ext-xmlwriter": "*",
                "php": ">=5.4.0"
            },
            "require-dev": {
                "phpunit/phpunit": "^4.0 || ^5.0 || ^6.0 || ^7.0"
            },
            "bin": [
                "bin/phpcs",
                "bin/phpcbf"
            ],
            "type": "library",
            "extra": {
                "branch-alias": {
                    "dev-master": "3.x-dev"
                }
            },
            "notification-url": "https://packagist.org/downloads/",
            "license": [
                "BSD-3-Clause"
            ],
            "authors": [
                {
                    "name": "Greg Sherwood",
                    "role": "lead"
                }
            ],
            "description": "PHP_CodeSniffer tokenizes PHP, JavaScript and CSS files and detects violations of a defined set of coding standards.",
            "homepage": "https://github.com/squizlabs/PHP_CodeSniffer",
            "keywords": [
                "phpcs",
                "standards"
            ],
            "time": "2019-09-26T23:12:26+00:00"
        }
    ],
    "aliases": [],
    "minimum-stability": "stable",
    "stability-flags": {
        "joomla/coding-standards": 20
    },
    "prefer-stable": false,
    "prefer-lowest": false,
    "platform": {
        "php": ">=5.5.9"
    },
    "platform-dev": []
}
